schema_version: rvv-r4-environment-lock-v1
created_at: 2026-08-26T00:35:33.1028272+08:00
assignment_id: STAGEA-L2-20260826-LLVM-RVV-R4-PRECLAIM-F1-F5
topic_id: LLVM-RVV-GROUP-MASK-SPILL-PARETODP
host: {os: Microsoft Windows NT 10.0.26200.0, architecture: X64, gpu_used: false}
boundaries:
  workspace_root: E:/project/writing/reserch
  unique_write_directory: E:/project/writing/reserch/stages/stageA/LLVM-RVV-GROUP-MASK-SPILL-PARETODP/r4
  resource_root: E:/project/writing/reserch/stages/stageA/LLVM-RVV-GROUP-MASK-SPILL-PARETODP/r4/resources
  network_bytes: 0
  cross_topic_access: false
  system_or_global_change: false
frozen_inputs:
  exact_commit: 5bb2565693f062a9e99929db1814a7a076d4dc76
  source_archive_sha256: BC0E5CC6B7F4978242749E0FF666DDA851994EFFC178BD782C4799D7C2B52695
  commit_json_sha256: 7104CB0CA8DCDF6C5A9AC89A31C8F65F45CDEA336C938E21DA483A405D2605E3
  tool_manifest_sha256: 5E6599C5EEC88D09B6D1623BD6BD889E6DAC943C792029D71B632D8C1693138D
  tool_bundle_files: 102
  tool_bundle_bytes: 195813113
tools:
  llc_sha256: 65A9EAE8B026DF2328B3A75048959CBF8F9F9AC7F86E854C7DDAC8F86485C643
  bundled_python: 3.12.13
  harness_build_attempts_used: 0
controls:
  witness_sha256: DC8CAA62A0E375CE7C47B162D2B54A066BFBA86A6A1FCE5C7DC529C6E4EECA43
  checker_sha256: 58E228D77D21DA5783446C1F2CF3AF6B8A0281FB6E2F00B47274F2C0FD4F49C3
  F1: PASS
  F2: FAIL_CLOSED
  F3_F5: NOT_RUN
validation:
  reparse_count: 0
  active_related_processes: 0
  claim_bearing_observation: false
  scientific_revision_consumed: false
  result: LOCKED_FAIL_CLOSED_PRECLAIM
