schema: ppc-r3-preclaim-environment-lock-v1
assignment_id: STAGEA-L1-20260826-LLVM-PPC-R3-PRECLAIM-F1-F5
captured_at: 2026-08-26T03:13:01+08:00
workspace_root: E:/project/writing/reserch
unique_write_directory: E:/project/writing/reserch/stages/stageA/LLVM-PPC-PREFIX-PRESSURE-PARETODP/r3
resource_root: E:/project/writing/reserch/stages/stageA/LLVM-PPC-PREFIX-PRESSURE-PARETODP/r3/resources
host: {os: Windows, shell: PowerShell, cwd: E:/project/writing/reserch}
exact_commit: f127b4c19c63b0492fb924934e37e032c17ea35b
toolchain:
  root: resources/env/ppc-toolchain
  package_manifest_sha256: 39CF76C8DA10D645F26789C3FF1A4E3A47839C70DBDAC3D5A4AED73C6792094C
  package_entries_verified: 132/132
  files: 133
  logical_bytes: 244073942
  tools_used: [llvm-mc.exe, llvm-readobj.exe, llvm-objdump.exe, ld.lld.exe, llc.exe]
script_runtime:
  executable: C:/Users/15383/.cache/codex-runtimes/codex-primary-runtime/dependencies/python/python.exe
  role: assignment-local script runner only
process_local_redirects: {TEMP: resources/tmp/runtime, TMP: resources/tmp/runtime, TMPDIR: resources/tmp/runtime}
network_bytes: 0
system_or_user_environment_modified: false
wsl_or_global_install_used: false
reparse_subst_junction_symlink_created: false
upstream_source_patched_or_rebuilt: false
harness_binary_built: false

