schema: lerobot-aoi-source-lock-v1
commit: 4aaff99be4a1d81568c08c8f0296b41b40c99ec4
assets:
  - {path: resources/src/upstream/robot_client.py, bytes: 21018, sha256: 804F850E87D444B49F5B182D794EF1E9AF2F059E0E95369F633FE8D15D5DB5FB}
  - {path: resources/src/upstream/policy_server.py, bytes: 16940, sha256: 88EE490394ADAB0D229E9E2407BEC900E89CF72302237C7F128DA2C07DE37FE7}
  - {path: resources/src/upstream/configs.py, bytes: 7873, sha256: 9B3514B3C09727DC1336D9586E68BD2C276C401ED34BFFB69F9E7F67F0F7F342}
  - {path: resources/src/upstream/LICENSE, bytes: 27627, sha256: 0583375A0EC642EC79C447781F34322B0CFA66BAFF31258214D040F1F6D86D7C, license: Apache-2.0}
commit_metadata: {path: resources/downloads/commit.json, bytes: 7482, sha256: F125CDA7363E44D55A791072D1A803AE321F63952BFA3B93F0ADBD08C89355E6}
network: {attempts: 5, bytes: 80940, retry: 0}
