schema: environment-lock-v1
assignment_id: STAGEA-L3-20260825-LLVM-APX-R4-PRECLAIM-FIDELITY
topic_id: LLVM-APX-PREFIX-PRESSURE-PARETODP
captured_at: 2026-08-25T17:43:45.9954423+08:00
host: {os: Windows, os_version: 10.0.26200.0, architecture: x86_64, host_cpu_reported_by_llvm: znver4, workspace_root: <LOCAL_PROJECT_ROOT>}
llvm:
  exact_commit: a1194be1baefa99d20a09bd04b16056be0ab7225
  version: 24.0.0git
  build: OPTIMIZED_WITH_ASSERTIONS
  default_target: x86_64-w64-windows-gnu
  registered_targets: [x86, x86-64]
  tool_manifest_sha256: 0BE2C3F60A6F42886F7951D2887D1A3D936B0E1A26E0C6B9B0B89D421944FB91
  required_tools:
    llc.exe: 856DA14A0CC34FBEFCA4FBB606FED5B88AABE6FC767A7E652CFD4EB4DFF5FA2E
    llvm-mc.exe: E0FFAA71617F62BA5AACAF507567F74007787E4EB5F986841E7E83F502D13CAA
    llvm-objdump.exe: C073BD7AA43BF76689F97E101063C9E708BDECF767262AB3A79086E8B65462DA
    llvm-readobj.exe: F6061394623D8AF86B8CA7EB371CFC880C3C11F3262ADABED2840822919FC3FF
    opt.exe: 15DCB0C8633C7D943D92847A9930980BE4A81BBC56BF586DB4D2A9359D1198BC
    FileCheck.exe: 0244D3B9EBED89B033901D77E1E3BB7740173B6728EE55D65B8C181E18B1A37D
    clang.exe: C736ECDF3DDCC24C1491A5DDDF86775D171A9381F62F8B30BCDF1023032032A0
  runtime_dlls: {libc++.dll: 952B41B1370DDB5E7299CC9FCEFCE2AD8C2021409948B057EC4D903C03760B6C, libunwind.dll: 8D9F60801F50C0A6CB7BEB7FD2E121F98BF39EBE40E6C7E07A8A39FCCB817C03}
inputs: {source_archive_sha256: F90FFC22BF3B220B726C2E4D7953076520C4188ED4409213AFB9829B98254747, commit_metadata_sha256: 21813151E583064407035F9194C4E85A91ACC41776456803F2B85D8076415E6F}
process_local_redirects: {TEMP: resources/tmp, TMP: resources/tmp, TMPDIR: resources/tmp, PYTHONPYCACHEPREFIX: resources/cache/pycache, PYTHONNOUSERSITE: '1'}
system_or_user_environment_modified: false
network_used: false
wsl_used: false
llvm_rebuilt: false
upstream_source_patched: false
harness_build_attempts_used: 0
gpu_hours_used: 0
start_authorization_sha256: 18DED995CF648E64DC651403270609C82A2E4B153EB52493D4784FA6B1B726B5
result: LOCKED
