schema: mlperf-rank-validity-official-source-lock-v1
assignment_id: STAGEA-L1-20260830-MLPERF-RANK-VALIDITY-A0
official_organization: mlcommons
network_attempts: {used: 12, max: 16, silent_retry: false, engineering_correction_batches_used: 2, engineering_correction_batches_max: 2}
assets:
  - {release: v5.1, repository: mlcommons/inference_results_v5.1, ref: main, commit: 5ea4f62ef62536e6bf4d78a9b440fb9035ddfb4a, path: resources/downloads/v5.1-summary_results.json, bytes: 2221336, sha256: 68C19B46CF5A87F535BEAE81154D61C3D981FE850AE3D09AF530C769B6E0CC68, role: OFFICIAL_RESULT_SUMMARY}
  - {release: v6.0, repository: mlcommons/inference_results_v6.0, ref: main, commit: 4d3916ac9cf474b679cdfcf492d43a0559418ad1, path: resources/downloads/v6.0-summary_results.json, bytes: 784457, sha256: 52FA813A27834E8DE38ECA9FD381688DF1CF9CD95020D2BD9E951F6CC16384AE, role: OFFICIAL_RESULT_SUMMARY}
  - {release: v5.1, repository: mlcommons/inference_policies, selection: latest_inference_rules_commit_at_or_before_v5.1.1_release_commit_timestamp, commit: c7dc5ea53dbf8a3de304531a803d2327ae46bc60, path: resources/downloads/v5.1-inference_rules.adoc, bytes: 70451, sha256: 97BA3FB891A444FBFB2ED88408BA2C737B5FC94F8E59F980D4D7DD1ECEDDD43E, role: OFFICIAL_RULES}
  - {release: v6.0, repository: mlcommons/inference_policies, selection: latest_inference_rules_commit_at_or_before_v6.0.0pre_release_commit_timestamp, commit: fb9379390cd58010a82216d38ae2e6b8ca98d15a, path: resources/downloads/v6.0-inference_rules.adoc, bytes: 70451, sha256: 9BDEAB837746D896CE36BB977BE39E55B713618637B94BA77BDD01D1E1C725C0, role: OFFICIAL_RULES}
metadata_files_retained: 6
download_files: 10
download_bytes: 3257195
full_corpus_effect_or_rank_analysis_performed: false
