schema: ppc-r8-environment-lock-v4
assignment_id: STAGEA-L2-20260826-LLVM-PPC-R8-ACTUAL-NATURAL-HARNESS-REBUILD
finalized_at: 2026-08-26T07:03:26.1165721+08:00
A3_start_sha256: 2E4E69B0B9C9C9D598F2261284C9DA53134C8593CCA1669653523E372FDA5974
host_os: WINDOWS__EXTERNAL_SYSTEM_MANAGED
resource_root: E:/project/writing/reserch/stages/stageA/LLVM-PPC-PREFIX-PRESSURE-PARETODP/r8/resources
exact_llvm_commit: f127b4c19c63b0492fb924934e37e032c17ea35b
python: C:/Users/15383/.cache/codex-runtimes/codex-primary-runtime/dependencies/python/python.exe
toolchain_manifest_sha256: 39CF76C8DA10D645F26789C3FF1A4E3A47839C70DBDAC3D5A4AED73C6792094C
inputs: {ir_sha256: 1124F15D99EC0CF7F1688CD20E21416A17C1A075F46419FE95A9E35C262BD939, assembly_sha256: 94343AB218377B6D3A7736F3E280299C6AB80A2751386BD0CC0441B3174F88C5}
implementation_files: 5
actual_claim_harness_sha256: B4155CD20EDE6E2F994B69E61B6FC796D70848E4902E1FC1FCAEAA000673A2FE
trace_model_sha256: BDDCD0D45E925D4913A8F9A85FB197FEECB6454D87B17C0846603610412E86C1
other_implementation_or_input_files_changed: false
A3_native_command_records: 22
process_local_redirect_only: true
network_bytes: 0
system_user_environment_or_registry_modified: false

