schema_version: environment-lock-v1
assignment_id: STAGEA-L1-20260825-LLVM-RVV-R2-E-ROOT-EXACT-TOOLCHAIN
topic_id: LLVM-RVV-GROUP-MASK-SPILL-PARETODP
captured_at: '2026-08-25T17:39:04.8313967+08:00'
operating_system:
  description: Microsoft Windows NT 10.0.26200.0
  version: 10.0.26200.0
  architecture: X64
  process_architecture: X64
  powershell: 7.6.4
hardware:
  logical_processor_count_visible: 32
  exact_cpu_model: UNAVAILABLE_ACCESS_DENIED__NOT_ESTIMATED
  exact_physical_memory: UNAVAILABLE_ACCESS_DENIED__NOT_ESTIMATED
  gpu_used: false
storage:
  drive: E
  label: US100 2TB
  filesystem: exFAT
  max_component_length: 255
  read_write: true
  free_bytes_at_closeout_check: 1147372830720
workspace:
  authoritative_root: E:/project/writing/reserch
  unique_write_directory: E:/project/writing/reserch/stages/stageA/LLVM-RVV-GROUP-MASK-SPILL-PARETODP/r2
  resource_root: E:/project/writing/reserch/stages/stageA/LLVM-RVV-GROUP-MASK-SPILL-PARETODP/r2/resources
  source_root: E:/project/writing/reserch/stages/stageA/LLVM-RVV-GROUP-MASK-SPILL-PARETODP/r2/resources/src/s
  portable_tool_root: E:/project/writing/reserch/stages/stageA/LLVM-RVV-GROUP-MASK-SPILL-PARETODP/r2/resources/env/t
  build_root: E:/project/writing/reserch/stages/stageA/LLVM-RVV-GROUP-MASK-SPILL-PARETODP/r2/resources/build
orchestration_runtime:
  python: {version: 3.12.13, sha256: D8E3F0ADF246DB00358C0C4ED349CF714898178F9558FB0E944F79F5C07F8EAA, external_system_managed: true}
process_local_redirects:
  TEMP: resources/tmp
  TMP: resources/tmp
  TMPDIR: resources/tmp
  PYTHONPYCACHEPREFIX: resources/cache/pycache
  PYTHONNOUSERSITE: '1'
  PIP_CACHE_DIR: resources/cache/pip
  XDG_CACHE_HOME: resources/cache/xdg
  system_or_user_environment_modified: false
constraints:
  network_used_only_for_five_frozen_assets: true
  wsl_used: false
  system_install_used: false
  global_environment_or_registry_modified: false
  subst_junction_symlink_or_reparse_used: false
  cross_topic_resource_used: false
  source_patch_used: false
  active_related_process_count_at_closeout: 0
validation:
  exact_versions_recorded: true
  licenses_recorded: true
  resource_redirect_preflight_passed: true
  result: RESOURCE_PATH_FAILURE_LOCKED__NO_SCIENTIFIC_INFERENCE

