schema_version: s5-r3d-environment-v1
captured_at: 2026-08-11T21:08:22+08:00
os:
  name: Microsoft Windows
  version: 10.0.26200.8875
  architecture: AMD64
shell:
  powershell: 5.1.26100.8875
cpu:
  logical_processors: 32
  exclusive_use: false
gpu:
  used: false
  runtime_claim_allowed: false
resource_directory:
  file_count_before_final_text_and_manifest: 191537
  bytes_before_final_text_and_manifest: 5674061442
  gib_before_final_text_and_manifest: 5.2844
  ceiling_bytes: 12884901888
build:
  clean_attempts: 2
  successful_attempt: 2
  jobs: 2
  measured_build_wall_seconds: 2312.358
  conservative_cpu_upper_bound_hours_at_two_jobs: 1.285
  peak_rss_bytes: null
  peak_rss_note: not captured by the early build harness; no scientific run was reached
global_path_modified: false
system_install_performed: false
source_patch_performed: false
