schema_version: environment-lock-v1
assignment_id: STAGEA-L1-20260825-LLVM-RVV-R3-LONG-PATH-AWARE-EXACT-TOOLCHAIN
topic_id: LLVM-RVV-GROUP-MASK-SPILL-PARETODP
captured_at: '2026-08-25T19:07:38.1420811+08:00'
operating_system: {description: Microsoft Windows NT 10.0.26200.0, version: 10.0.26200.0, architecture: X64, process_architecture: X64, powershell: 7.6.4}
hardware: {logical_processor_count_visible: 32, exact_cpu_model: UNAVAILABLE_ACCESS_DENIED__NOT_ESTIMATED, exact_physical_memory: UNAVAILABLE_ACCESS_DENIED__NOT_ESTIMATED, gpu_used: false}
storage: {drive: E, label: US100 2TB, filesystem: exFAT, max_component_length: 255, read_write: true, free_bytes_at_closeout_check: 1060474191872, reparse_entry_count_in_resource_root: 0}
workspace:
  authoritative_root: <LOCAL_PROJECT_ROOT>
  unique_write_directory: <LOCAL_PROJECT_ROOT>/stages/stageA/LLVM-RVV-GROUP-MASK-SPILL-PARETODP/r3
  resource_root: <LOCAL_PROJECT_ROOT>/stages/stageA/LLVM-RVV-GROUP-MASK-SPILL-PARETODP/r3/resources
  source_root: <LOCAL_PROJECT_ROOT>/stages/stageA/LLVM-RVV-GROUP-MASK-SPILL-PARETODP/r3/resources/src/s
  bootstrap_tool_root: <LOCAL_PROJECT_ROOT>/stages/stageA/LLVM-RVV-GROUP-MASK-SPILL-PARETODP/r3/resources/env/t
  build_root: <LOCAL_PROJECT_ROOT>/stages/stageA/LLVM-RVV-GROUP-MASK-SPILL-PARETODP/r3/resources/build
  deliverable_toolchain_root: <LOCAL_PROJECT_ROOT>/stages/stageA/LLVM-RVV-GROUP-MASK-SPILL-PARETODP/r3/resources/env/rvv-toolchain
long_path_api: {type: WIN32_EXTENDED_LENGTH_PREFIX, process_local_only: true, capability_preflight_logical_characters: 474, api_prefix_persisted: false, subst_junction_symlink_reparse_used: false}
bootstrap_toolchain:
  clang: {version: 22.1.8, target: x86_64-w64-windows-gnu, sha256: A8B7A614EEADD9105F814BE3701A7F312CDA4CEA51751B75B408C16100C94E85}
  clangxx: {version: 22.1.8, target: x86_64-w64-windows-gnu, sha256: A8B7A614EEADD9105F814BE3701A7F312CDA4CEA51751B75B408C16100C94E85}
  llvm_windres: {sha256: 255FC12528B80CADE02A4F8393065221DBD1F3A7FDF930A4E21C3076399750F5}
  cmake: {version: 4.4.2, sha256: 414AD2A5DCABBB2A49BA1514E6651523865AE306B73A0E769F18E14CAB1570E8}
  ninja: {version: 1.13.0.git.kitware.jobserver-pipe-1, sha256: CB4590BAD18F01607E819908D536FBA71AFBE36EB0F1D5A13C60D88D635CA959}
  python: {version: 3.12.13, sha256: D8E3F0ADF246DB00358C0C4ED349CF714898178F9558FB0E944F79F5C07F8EAA, external_system_managed: true}
built_toolchain: {exact_commit: 5bb2565693f062a9e99929db1814a7a076d4dc76, llvm_version: 24.0.0git, configuration: Release, assertions: true, registered_targets: [riscv32, riscv32be, riscv64, riscv64be], bundle_manifest_sha256: 5E6599C5EEC88D09B6D1623BD6BD889E6DAC943C792029D71B632D8C1693138D, runtime_dlls: [libc++.dll, libunwind.dll], licenses_and_notices_packaged: 93}
sources: {llvm_project: {commit: 5bb2565693f062a9e99929db1814a7a076d4dc76, tree_sha: 05f29dac4871a84a3b04ef10892beca7b4007912, archive_sha256: BC0E5CC6B7F4978242749E0FF666DDA851994EFFC178BD782C4799D7C2B52695, license: APACHE_2_WITH_LLVM_EXCEPTION}, llvm_mingw: {version: 20260616, archive_sha256: B9B68A4D276E16FA25802AABA458E4638F64B3884C290AACCDC2D87083B6CA35}, cmake: {version: 4.4.2, archive_sha256: C28388FE95298486169C45C0EC8BDF067AABCB59273B98A4CDAE8BE5CD9C74F3}, ninja: {version: 1.13.0, archive_sha256: FB8EE8719F8AF47FED145CCED4A85F0755DD55D45B2BDDAF7431FA89803C5F3E}}
process_local_redirects: {TEMP: resources/tmp, TMP: resources/tmp, TMPDIR: resources/tmp, PYTHONPYCACHEPREFIX: resources/cache/pycache, PYTHONNOUSERSITE: '1', PIP_CACHE_DIR: resources/cache/pip, XDG_CACHE_HOME: resources/cache/xdg, PATH: ASSIGNMENT_CHILD_PROCESS_ONLY, system_or_user_environment_modified: false}
constraints: {network_used: false, wsl_used: false, system_install_used: false, global_environment_or_registry_modified: false, cross_topic_resource_used: false, source_patch_used: false, owner_cleanup_performed: false, active_related_process_count_at_closeout: 0}
validation: {exact_versions_recorded: true, licenses_recorded: true, reproducibility_minimum_hashes_recorded: true, resource_redirect_preflight_passed: true, result: PASS_RESOURCE_GATE_ENVIRONMENT_LOCK}

