schema_version: environment-lock-v1
assignment_id: STAGEA-L1-20260825-LLVM-APX-RESUME2-E-ROOT-SELF-CONTAINED-BUILD
captured_at: 2026-08-25T14:37:55.8018998+08:00
operating_system:
  description: Microsoft Windows 10.0.26200
  version: 10.0.26200.9168
  architecture: X64
  process_architecture: X64
  outer_powershell: 7.6.4
  build_script_powershell: 5.1.26100.9168
hardware:
  logical_processor_count_visible: 32
  exact_cpu_model: UNAVAILABLE_ACCESS_DENIED__NOT_ESTIMATED
  exact_physical_memory: UNAVAILABLE_ACCESS_DENIED__NOT_ESTIMATED
storage:
  drive: E
  label: US100 2TB
  filesystem: exFAT
  max_component_length: 255
  symlink_support: false
  read_write: true
  free_bytes_at_closeout_check: 1075757187072
workspace:
  authoritative_root: <LOCAL_PROJECT_ROOT>
  unique_write_directory: <LOCAL_PROJECT_ROOT>/stages/stageA/LLVM-APX-PREFIX-PRESSURE-PARETODP/resume2-e-root-self-contained-build
  resource_root: <LOCAL_PROJECT_ROOT>/stages/stageA/LLVM-APX-PREFIX-PRESSURE-PARETODP/resume2-e-root-self-contained-build/resources
toolchain:
  clang: {version: 22.1.8, target: x86_64-w64-windows-gnu, sha256: A8B7A614EEADD9105F814BE3701A7F312CDA4CEA51751B75B408C16100C94E85}
  clangxx: {version: 22.1.8, target: x86_64-w64-windows-gnu, sha256: A8B7A614EEADD9105F814BE3701A7F312CDA4CEA51751B75B408C16100C94E85}
  llvm_windres: {sha256: 255FC12528B80CADE02A4F8393065221DBD1F3A7FDF930A4E21C3076399750F5}
  cmake: {version: 4.4.2, sha256: 414AD2A5DCABBB2A49BA1514E6651523865AE306B73A0E769F18E14CAB1570E8}
  ninja: {version: 1.13.0.git.kitware.jobserver-pipe-1, sha256: CB4590BAD18F01607E819908D536FBA71AFBE36EB0F1D5A13C60D88D635CA959}
  python: {version: 3.12.13, sha256: D8E3F0ADF246DB00358C0C4ED349CF714898178F9558FB0E944F79F5C07F8EAA, external_system_managed: true}
  bsdtar: {version: 3.8.4, external_system_managed: true}
process_local_redirects:
  TEMP: resources/tmp
  TMP: resources/tmp
  TMPDIR: resources/tmp
  PYTHONPYCACHEPREFIX: resources/cache/pycache
  PYTHONNOUSERSITE: '1'
  PIP_CACHE_DIR: resources/cache/pip
  XDG_CACHE_HOME: resources/cache/xdg
  PATH: ASSIGNMENT_TOOL_BIN_PREFIXES_IN_CHILD_PROCESS_ONLY
global_environment_or_registry_modified: false
wsl_or_system_install_used: false
cross_topic_resource_used: false
gpu_used: false
