schema: stagea-environment-lock-v1
assignment_id: RESOURCE-STAGEA-L3-20260814-LLVM-DWARF-CALLSITE-RECONSTRUCTIBILITY-RESUME1
workspace_root: 'D:\project\writing\reserch'
write_directory: 'D:\project\writing\reserch\stages\stageA\LLVM-DWARF-CALLSITE-RECONSTRUCTIBILITY\resume1'
host:
  os: Windows
  shell: PowerShell
  timezone: Asia/Shanghai
  system_install_allowed: false
  global_path_or_registry_change_allowed: false
scientific_identity:
  llvm_commit: e72ba6cf366a3180cbf5a8690d9e50665880ab76
  target: x86_64-unknown-linux-gnu
  abi: SysV_AMD64
  mode: O2_g_instruction_reference_LiveDebugValues
  object: SAME_OPTIMIZED_LLVM_MACHINEIR__ABI__EXECUTABLE_BEHAVIOR__LEGAL_DWARF_CALLSITE_OBSERVATION
control_observations:
  AGENTS_sha256: 7B4C3D9F6F66CB241333ADF724508C7470416F05F39E28C0F5E3D3A9427E76C3
  plan_sha256: 8CA1CEFAE774C8F3B050EFF92C341C0B3535A96BD1E9CDB49F1EDBBFA1F666B3
  registry_sha256_at_first_read: 899112AC7027BCFD14E47AA8656A3DF8EF7E28FC69DFF6F3ABCE653574621CE1
  registry_sha256_at_second_read: E88C060C784891E52131AF760B53DD65C9AD12B3750865D7475EE1390AFF1CB3
  registry_drift_disposition: POST_DISPATCH_MAINLINE_CONTROL_DRIFT__ASSIGNMENT_FIELDS_UNCHANGED
  candidate_owner_rule_sha256: AE60E805BAA19FDBAFFAC29ADD4C0EEE82CE75F28B027E21E236357625E129E7
  resume_assignment_sha256: 5DC7677C5E0DC253FB1C9BDA0A4B603247A026144E1C6EEAE8C24E60014BD8C1
upstream_initial:
  assignment_sha256: 4D4835AA13AF26189B3E19C086B091FA1E94CF20EB00863546679D125F93D924
  handoff_sha256: CAFB751DEBE72CB65989DE024A52E4D816072EBCE539258C9E86BC1BF9605E08
  manifest_sha256: 1E79DB27220839457CF500BE6871DA45696F2CF55B62DC3F015BB6638CB9BCAC
  claim_bearing_observations: 0
  scientific_revision_consumed: false
source_identity:
  official_commit_api_bytes: 6185
  official_commit_api_sha256: 2BA762DA3E28A957A5C6AFFA52DD66CE5304FC10862764D191D898559EEC91DF
  source_tree: d9b82c63986369de83ca79d0c94fdc9cdfb2e260
  source_parent: 389da87c52f1db63440f376621f5daee2fabaaf3
  source_archive_bytes: 280594592
  source_archive_sha256: 643B7011C512E3204C88F836F4E2A9913C20F03D1BEA5421B60EACB7B527814C
  decisive_blob_parity: 7_of_7
  license: Apache-2.0-WITH-LLVM-exception
build_identity:
  version_string: 24.0.0git
  configuration: Release_assertions_X86_Clang
  source_patches: 0
  registered_targets: [x86, x86-64]
  cmake_cache_sha256: 72DAA46EBB46B90A250C021C9EAD769495E29A183112234D5748A8882EE8560F
  build_ninja_sha256: A25B782E4E59BF83CB3ABDF22DABA88DCFCDD99EE3127BABE0EDCDE888381717
  tool_hashes:
    llc.exe: 7773641C1F4731DADE399D20E1D705E0B7185520244CB2FB5B46D20F497F5844
    clang.exe: DFA452A3F854F6FC3AD1D88CE236CD412E3C99DDF74992BB89DCC9748BFA2FE1
    llvm-dwarfdump.exe: 1A7956E7C9870F9ED3DB98FEDC38EA4106EDF70E260F206535061E568E0D53C0
    llvm-objdump.exe: F7405DCADA3500824BB1A7EEC79FC9213B7E05726A0967E20BC404758E1D1858
    llvm-readobj.exe: 8D0DA05FBCD44924AB54946CBE7DE6D5A106ED7887F86EF63B35B9FB4D3E1800
    opt.exe: 7562204A37688ACF41C367E81EF41DC889A2B32489ED1D1A73362CD1B9540D33
resource_smoke:
  kind: NON_CLAIM_GENERIC_ELF_DWARF_CONTROL
  target_object_format: ELF64_x86_64_System_V
  object_sha256: B4938EB9835F19245328A3F0EAF609B113068532A9A2167333808A0F2FD4ACA9
  opt_verify: PASS
  llvm_dwarfdump_verify: PASS_WITH_NON_FATAL_DUPLICATE_DEBUG_LINE_FILENAME_WARNING
  llvm_readobj: PASS
  llvm_objdump: PASS
execution_environment:
  WSL_distribution: unavailable
  container_runtime: unavailable
  portable_Linux_VM: unavailable
  qemu_user: unavailable_and_not_semantically_sufficient_on_Windows_host
  full_system_QEMU: not_authorized_in_resume1
resource_gate: FAIL_CLOSED__LINUX_SYSV_EXECUTABLE_BEHAVIOR_RUNNER_UNAVAILABLE
preclaim_gate: NOT_STARTED__RESOURCE_GATE_FIRST
claim_bearing_observations: 0
scientific_revision_consumed: false
evidence_ceiling: RESOURCE_FAILURE_ONLY__NO_SCIENTIFIC_INFERENCE
stageb_authorized: false
