schema_version: qrefine-environment-lock-v1
assignment_id: STAGEA-L1-20260821-QREFINE-TRITON-W4A16-INITIAL
host:
  os: Windows
  architecture: x86_64
  process_local_only: true
  system_or_global_changes: false
python:
  executable: C:/Users/15383/.cache/codex-runtimes/codex-primary-runtime/dependencies/python/python.exe
  version: 3.12.13
  triton_installed: false
  z3_installed: false
  cvc5_installed: false
toolchain:
  cmake: NOT_FOUND
  ninja: NOT_FOUND
  clang: NOT_FOUND
  mlir_opt: NOT_FOUND
  wsl_distribution: NOT_INSTALLED
gpu_probe:
  sm89:
    device: NVIDIA GeForce RTX 4070 Laptop GPU
    driver: 591.74
    memory_mib: 8188
    status: READ_ONLY_OBSERVED_NOT_USED
  gfx1100:
    status: NOT_OBSERVED
frozen_sources:
  triton_tag: v3.7.1
  triton_commit_expected: f797708c0626e5f9840ca5b0a98790e2c7cb09ad
  source_archive_sha256: 8E2B504B54166C4878678B4612C4267C40759ACAB2BB06B729C1E5D1AC0BABCE
  llvm_commit: 1f126a6dea50d185c0781743a667390037ae88bd
  vllm_commit: 568afb3a13806beb53bb2e6bd518269357b237c0
  vllm_anchor_sha256: 88E3676DBAB481EA21360D24359315E86B454548BE06F552A08694EB7B0A0FE3
primary_solver: null
executable_environment_ready: false
claim_bearing_ready: false
