schema_version: qrefine-environment-lock-v1
assignment_id: STAGEA-L1-20260822-QREFINE-TRITON-W4A16-RESUME2-WSL-UBUNTU2404
windows: {edition: Windows_11_Home_Chinese, version: 10.0.26200.9168, architecture: x86_64, boot_baseline: 2026-08-21T20:49:19+08:00}
features_after_authorized_actions:
  Microsoft-Windows-Subsystem-Linux: Enabled_restart_pending
  VirtualMachinePlatform: Enabled_restart_pending
  Microsoft-Hyper-V-All: FEATURE_UNKNOWN_NOT_CHANGED
  Microsoft-Hyper-V: FEATURE_UNKNOWN_NOT_CHANGED
  Containers: FEATURE_UNKNOWN_NOT_CHANGED
linux_executor: null
ubuntu_24_04: NOT_INSTALLED
frozen_triton: {tag: v3.7.1, commit: f797708c0626e5f9840ca5b0a98790e2c7cb09ad}
frozen_llvm: 1f126a6dea50d185c0781743a667390037ae88bd
primary_solver: null
system_restart_count_used: 0
system_or_global_path_environment_registry_or_driver_changes: false
claim_bearing_ready: false
