schema_version: stageb-environment-lock-v1
topic_id: null
assignment_id: null
captured_at: null
unique_write_directory: null

host:
  os: null
  os_version: null
  architecture: null
  cpu: null
  memory_bytes: null
  gpu_or_accelerators: []
  drivers: []

toolchain:
  compilers: []
  runtimes: []
  packages: []
  containers_or_isolated_envs: []
  environment_files: []

sources_and_data:
  repositories: [] # path, upstream, commit/tag, hash, license
  datasets_or_traces: [] # path, source, version, hash, license
  shared_assets: [] # asset_id, registered hash, read-only path

process_local_redirects:
  download_directory: null
  build_directory: null
  environment_directory: null
  cache_variables: {}
  temporary_variables: {}
  log_directory: null
  system_or_user_environment_modified: false

comparability:
  determinism_class: null
  seeds_or_stopping_rule: null
  timing_comparable: null
  known_environment_sensitive_fields: []
  tolerance_contract: null

validation:
  exact_versions_recorded: false
  licenses_recorded: false
  claim_critical_hashes_recorded: false
  resource_redirect_preflight_passed: false
  result: NOT_VALIDATED
